
Microsoft Visual Studio Solution File, Format Version 12.00
# Visual Studio 15
VisualStudioVersion = 15.0.28010.2041
MinimumVisualStudioVersion = 10.0.40219.1
Project("{FAE04EC0-301F-11D3-BF4B-00C04F79EFBC}") = "Arcade", "Arcade\Arcade.csproj", "{D39525B0-1815-4244-AD96-C17912CF6C7F}"
EndProject
Project("{FAE04EC0-301F-11D3-BF4B-00C04F79EFBC}") = "CodeSignalTests", "CodeSignalTests\CodeSignalTests.csproj", "{810421BD-93CC-44F4-9C43-47ED1B49623B}"
EndProject
Project("{FAE04EC0-301F-11D3-BF4B-00C04F79EFBC}") = "SkillTests", "SkillTests\SkillTests.csproj", "{F60B2A72-3448-405B-9260-4EB9BECD0A96}"
EndProject
Project("{FAE04EC0-301F-11D3-BF4B-00C04F79EFBC}") = "Challenges", "Challenges\Challenges.csproj", "{B99A6AF5-BCB1-4431-9976-76C3D0F5DC3D}"
EndProject
Global
	GlobalSection(SolutionConfigurationPlatforms) = preSolution
		Debug|Any CPU = Debug|Any CPU
		Release|Any CPU = Release|Any CPU
	EndGlobalSection
	GlobalSection(ProjectConfigurationPlatforms) = postSolution
		{D39525B0-1815-4244-AD96-C17912CF6C7F}.Debug|Any CPU.ActiveCfg = Debug|Any CPU
		{D39525B0-1815-4244-AD96-C17912CF6C7F}.Debug|Any CPU.Build.0 = Debug|Any CPU
		{D39525B0-1815-4244-AD96-C17912CF6C7F}.Release|Any CPU.ActiveCfg = Release|Any CPU
		{D39525B0-1815-4244-AD96-C17912CF6C7F}.Release|Any CPU.Build.0 = Release|Any CPU
		{810421BD-93CC-44F4-9C43-47ED1B49623B}.Debug|Any CPU.ActiveCfg = Debug|Any CPU
		{810421BD-93CC-44F4-9C43-47ED1B49623B}.Debug|Any CPU.Build.0 = Debug|Any CPU
		{810421BD-93CC-44F4-9C43-47ED1B49623B}.Release|Any CPU.ActiveCfg = Release|Any CPU
		{810421BD-93CC-44F4-9C43-47ED1B49623B}.Release|Any CPU.Build.0 = Release|Any CPU
		{F60B2A72-3448-405B-9260-4EB9BECD0A96}.Debug|Any CPU.ActiveCfg = Debug|Any CPU
		{F60B2A72-3448-405B-9260-4EB9BECD0A96}.Debug|Any CPU.Build.0 = Debug|Any CPU
		{F60B2A72-3448-405B-9260-4EB9BECD0A96}.Release|Any CPU.ActiveCfg = Release|Any CPU
		{F60B2A72-3448-405B-9260-4EB9BECD0A96}.Release|Any CPU.Build.0 = Release|Any CPU
		{B99A6AF5-BCB1-4431-9976-76C3D0F5DC3D}.Debug|Any CPU.ActiveCfg = Debug|Any CPU
		{B99A6AF5-BCB1-4431-9976-76C3D0F5DC3D}.Debug|Any CPU.Build.0 = Debug|Any CPU
		{B99A6AF5-BCB1-4431-9976-76C3D0F5DC3D}.Release|Any CPU.ActiveCfg = Release|Any CPU
		{B99A6AF5-BCB1-4431-9976-76C3D0F5DC3D}.Release|Any CPU.Build.0 = Release|Any CPU
	EndGlobalSection
	GlobalSection(SolutionProperties) = preSolution
		HideSolutionNode = FALSE
	EndGlobalSection
	GlobalSection(ExtensibilityGlobals) = postSolution
		SolutionGuid = {47B756D4-0669-4887-963E-856A6F310326}
	EndGlobalSection
EndGlobal
